Microsoft Visual Studio Solution File, Format Version 12.00
# Visual Studio Version 17
VisualStudioVersion = 17.5.2.0
MinimumVisualStudioVersion = 10.0.40219.1
Project("{FAE04EC0-301F-11D3-BF4B-00C04F79EFBC}") = "SelfServicePortal", "SelfServicePortal.csproj", "{7DFBA9A8-3220-D519-D22A-A7191A5EC239}"
EndProject
Global
	GlobalSection(SolutionConfigurationPlatforms) = preSolution
		Debug|Any CPU = Debug|Any CPU
		Release|Any CPU = Release|Any CPU
	EndGlobalSection
	GlobalSection(ProjectConfigurationPlatforms) = postSolution
		{7DFBA9A8-3220-D519-D22A-A7191A5EC239}.Debug|Any CPU.ActiveCfg = Debug|Any CPU
		{7DFBA9A8-3220-D519-D22A-A7191A5EC239}.Debug|Any CPU.Build.0 = Debug|Any CPU
		{7DFBA9A8-3220-D519-D22A-A7191A5EC239}.Release|Any CPU.ActiveCfg = Release|Any CPU
		{7DFBA9A8-3220-D519-D22A-A7191A5EC239}.Release|Any CPU.Build.0 = Release|Any CPU
	EndGlobalSection
	GlobalSection(SolutionProperties) = preSolution
		HideSolutionNode = FALSE
	EndGlobalSection
	GlobalSection(ExtensibilityGlobals) = postSolution
		SolutionGuid = {B871937B-F4F8-4633-82E8-43322427AFB1}
	EndGlobalSection
EndGlobal
